
Microsoft Visual Studio Solution File, Format Version 12.00
# Visual Studio Version 16
VisualStudioVersion = 16.0.32106.194
MinimumVisualStudioVersion = 10.0.40219.1
Project("{FAE04EC0-301F-11D3-BF4B-00C04F79EFBC}") = "NotarialOffice", "NotarialOffice\NotarialOffice.csproj", "{C85BCCBD-C5CC-40EB-8747-EF3C5336B770}"
EndProject
Global
	GlobalSection(SolutionConfigurationPlatforms) = preSolution
		Debug|Any CPU = Debug|Any CPU
		Release|Any CPU = Release|Any CPU
	EndGlobalSection
	GlobalSection(ProjectConfigurationPlatforms) = postSolution
		{C85BCCBD-C5CC-40EB-8747-EF3C5336B770}.Debug|Any CPU.ActiveCfg = Debug|Any CPU
		{C85BCCBD-C5CC-40EB-8747-EF3C5336B770}.Debug|Any CPU.Build.0 = Debug|Any CPU
		{C85BCCBD-C5CC-40EB-8747-EF3C5336B770}.Release|Any CPU.ActiveCfg = Release|Any CPU
		{C85BCCBD-C5CC-40EB-8747-EF3C5336B770}.Release|Any CPU.Build.0 = Release|Any CPU
	EndGlobalSection
	GlobalSection(SolutionProperties) = preSolution
		HideSolutionNode = FALSE
	EndGlobalSection
	GlobalSection(ExtensibilityGlobals) = postSolution
		SolutionGuid = {AF77FE21-40DB-4A4C-9E5C-31C2BF3AD2EA}
	EndGlobalSection
EndGlobal
